{
  "name": "SGI-Curime",
  "lockfileVersion": 3,
  "requires": true,
  "packages": {
    "": {
      "dependencies": {
        "@tanstack/react-query": "^5.102.0"
      }
    },
    "node_modules/@tanstack/query-core": {
      "version": "5.102.0",
      "resolved": "https://registry.npmjs.org/@tanstack/query-core/-/query-core-5.102.0.tgz",
      "integrity": "sha512-tvBzr11Q7StuMCEsIJdqX8TAWt6WZIzfw/yrSAjObZDerwTTPeCxeLXN2R8ZSn4ZxFpQV819Xn8QmoO+vtnDvw==",
      "license": "MIT",
      "funding": {
        "type": "github",
        "url": "https://github.com/sponsors/tannerlinsley"
      }
    },
    "node_modules/@tanstack/react-query": {
      "version": "5.102.0",
      "resolved": "https://registry.npmjs.org/@tanstack/react-query/-/react-query-5.102.0.tgz",
      "integrity": "sha512-0GyVyEcGt9M7jHPCua16hNVtstUXE2R4HsnNubFYcDs7DJaLzh1dSiXsADDU/cNn/SqrLfa0vRKyjUmbx4rZLA==",
      "license": "MIT",
      "dependencies": {
        "@tanstack/query-core": "5.102.0"
      },
      "funding": {
        "type": "github",
        "url": "https://github.com/sponsors/tannerlinsley"
      },
      "peerDependencies": {
        "react": "^18 || ^19"
      }
    },
    "node_modules/js-tokens": {
      "version": "4.0.0",
      "license": "MIT",
      "peer": true
    },
    "node_modules/loose-envify": {
      "version": "1.4.0",
      "license": "MIT",
      "peer": true,
      "dependencies": {
        "js-tokens": "^3.0.0 || ^4.0.0"
      },
      "bin": {
        "loose-envify": "cli.js"
      }
    },
    "node_modules/react": {
      "version": "18.3.1",
      "license": "MIT",
      "peer": true,
      "dependencies": {
        "loose-envify": "^1.1.0"
      },
      "engines": {
        "node": ">=0.10.0"
      }
    }
  }
}
